// !$*UTF8*$!
{
	archiveVersion = 1;
	classes = {
	};
	objectVersion = 50;
	objects = {

/* Begin PBXBuildFile section */
		2A35DA1421C78C1300B61EB4 /* TextFieldSampleViewController.swift in Sources */ = {isa = PBXBuildFile; fileRef = 2A35DA1221C78C1300B61EB4 /* TextFieldSampleViewController.swift */; };
		2A35DA1521C78C1300B61EB4 /* TextFieldSampleViewController.xib in Resources */ = {isa = PBXBuildFile; fileRef = 2A35DA1321C78C1300B61EB4 /* TextFieldSampleViewController.xib */; };
		2A35DA1921C795CE00B61EB4 /* WelcomeTextFieldViewController.swift in Sources */ = {isa = PBXBuildFile; fileRef = 2A35DA1721C795CE00B61EB4 /* WelcomeTextFieldViewController.swift */; };
		2A35DA1A21C795CE00B61EB4 /* WelcomeTextFieldViewController.xib in Resources */ = {isa = PBXBuildFile; fileRef = 2A35DA1821C795CE00B61EB4 /* WelcomeTextFieldViewController.xib */; };
		7B157C042112E28E002E7D1A /* AppDelegate.swift in Sources */ = {isa = PBXBuildFile; fileRef = 7B157C032112E28E002E7D1A /* AppDelegate.swift */; };
		7B157C062112E28E002E7D1A /* ViewController.swift in Sources */ = {isa = PBXBuildFile; fileRef = 7B157C052112E28E002E7D1A /* ViewController.swift */; };
		7B157C092112E28E002E7D1A /* Main.storyboard in Resources */ = {isa = PBXBuildFile; fileRef = 7B157C072112E28E002E7D1A /* Main.storyboard */; };
		7B157C0B2112E28F002E7D1A /* Assets.xcassets in Resources */ = {isa = PBXBuildFile; fileRef = 7B157C0A2112E28F002E7D1A /* Assets.xcassets */; };
		7B157C0E2112E28F002E7D1A /* LaunchScreen.storyboard in Resources */ = {isa = PBXBuildFile; fileRef = 7B157C0C2112E28F002E7D1A /* LaunchScreen.storyboard */; };
		7B157C182112E2E3002E7D1A /* MainViewController.swift in Sources */ = {isa = PBXBuildFile; fileRef = 7B157C162112E2E3002E7D1A /* MainViewController.swift */; };
		7B157C192112E2E3002E7D1A /* MainViewController.xib in Resources */ = {isa = PBXBuildFile; fileRef = 7B157C172112E2E3002E7D1A /* MainViewController.xib */; };
		7B157C1D2112E3D5002E7D1A /* NSObjectExtension.swift in Sources */ = {isa = PBXBuildFile; fileRef = 7B157C1C2112E3D5002E7D1A /* NSObjectExtension.swift */; };
		7B157C1F2112E706002E7D1A /* UIViewController.swift in Sources */ = {isa = PBXBuildFile; fileRef = 7B157C1E2112E706002E7D1A /* UIViewController.swift */; };
		7B157C262112ECF4002E7D1A /* BaseViewController.swift in Sources */ = {isa = PBXBuildFile; fileRef = 7B157C252112ECF4002E7D1A /* BaseViewController.swift */; };
		7B157C2E2113031D002E7D1A /* MenuTableViewCell.swift in Sources */ = {isa = PBXBuildFile; fileRef = 7B157C2C2113031D002E7D1A /* MenuTableViewCell.swift */; };
		7B157C2F2113031D002E7D1A /* MenuTableViewCell.xib in Resources */ = {isa = PBXBuildFile; fileRef = 7B157C2D2113031D002E7D1A /* MenuTableViewCell.xib */; };
		7B157C3821130917002E7D1A /* ViewSampleController.swift in Sources */ = {isa = PBXBuildFile; fileRef = 7B157C3621130917002E7D1A /* ViewSampleController.swift */; };
		7B157C3921130917002E7D1A /* ViewSampleController.xib in Resources */ = {isa = PBXBuildFile; fileRef = 7B157C3721130917002E7D1A /* ViewSampleController.xib */; };
		7B157C3D211311A1002E7D1A /* StackViewSampleController.swift in Sources */ = {isa = PBXBuildFile; fileRef = 7B157C3B211311A1002E7D1A /* StackViewSampleController.swift */; };
		7B157C3E211311A1002E7D1A /* StackViewSampleController.xib in Resources */ = {isa = PBXBuildFile; fileRef = 7B157C3C211311A1002E7D1A /* StackViewSampleController.xib */; };
		7B157C42211319BD002E7D1A /* LabelSampleViewController.swift in Sources */ = {isa = PBXBuildFile; fileRef = 7B157C40211319BD002E7D1A /* LabelSampleViewController.swift */; };
		7B157C43211319BD002E7D1A /* LabelSampleViewController.xib in Resources */ = {isa = PBXBuildFile; fileRef = 7B157C41211319BD002E7D1A /* LabelSampleViewController.xib */; };
		7B157C4721140346002E7D1A /* ButtonSampleViewController.swift in Sources */ = {isa = PBXBuildFile; fileRef = 7B157C4521140346002E7D1A /* ButtonSampleViewController.swift */; };
		7B157C4821140346002E7D1A /* ButtonSampleViewController.xib in Resources */ = {isa = PBXBuildFile; fileRef = 7B157C4621140346002E7D1A /* ButtonSampleViewController.xib */; };
		7B157C4C211413D4002E7D1A /* SecondViewController.swift in Sources */ = {isa = PBXBuildFile; fileRef = 7B157C4A211413D4002E7D1A /* SecondViewController.swift */; };
		7B157C4D211413D4002E7D1A /* SecondViewController.xib in Resources */ = {isa = PBXBuildFile; fileRef = 7B157C4B211413D4002E7D1A /* SecondViewController.xib */; };
		7B157C532114146D002E7D1A /* ResultViewController.swift in Sources */ = {isa = PBXBuildFile; fileRef = 7B157C512114146D002E7D1A /* ResultViewController.swift */; };
		7B157C542114146D002E7D1A /* ResultViewController.xib in Resources */ = {isa = PBXBuildFile; fileRef = 7B157C522114146D002E7D1A /* ResultViewController.xib */; };
/* End PBXBuildFile section */

/* Begin PBXFileReference section */
		2A35DA1221C78C1300B61EB4 /* TextFieldSampleViewController.swift */ = {isa = PBXFileReference; lastKnownFileType = sourcecode.swift; path = TextFieldSampleViewController.swift; sourceTree = "<group>"; };
		2A35DA1321C78C1300B61EB4 /* TextFieldSampleViewController.xib */ = {isa = PBXFileReference; lastKnownFileType = file.xib; path = TextFieldSampleViewController.xib; sourceTree = "<group>"; };
		2A35DA1721C795CE00B61EB4 /* WelcomeTextFieldViewController.swift */ = {isa = PBXFileReference; lastKnownFileType = sourcecode.swift; path = WelcomeTextFieldViewController.swift; sourceTree = "<group>"; };
		2A35DA1821C795CE00B61EB4 /* WelcomeTextFieldViewController.xib */ = {isa = PBXFileReference; lastKnownFileType = file.xib; path = WelcomeTextFieldViewController.xib; sourceTree = "<group>"; };
		7B157C002112E28E002E7D1A /* SampleCodes.app */ = {isa = PBXFileReference; explicitFileType = wrapper.application; includeInIndex = 0; path = SampleCodes.app; sourceTree = BUILT_PRODUCTS_DIR; };
		7B157C032112E28E002E7D1A /* AppDelegate.swift */ = {isa = PBXFileReference; lastKnownFileType = sourcecode.swift; path = AppDelegate.swift; sourceTree = "<group>"; };
		7B157C052112E28E002E7D1A /* ViewController.swift */ = {isa = PBXFileReference; lastKnownFileType = sourcecode.swift; path = ViewController.swift; sourceTree = "<group>"; };
		7B157C082112E28E002E7D1A /* Base */ = {isa = PBXFileReference; lastKnownFileType = file.storyboard; name = Base; path = Base.lproj/Main.storyboard; sourceTree = "<group>"; };
		7B157C0A2112E28F002E7D1A /* Assets.xcassets */ = {isa = PBXFileReference; lastKnownFileType = folder.assetcatalog; path = Assets.xcassets; sourceTree = "<group>"; };
		7B157C0D2112E28F002E7D1A /* Base */ = {isa = PBXFileReference; lastKnownFileType = file.storyboard; name = Base; path = Base.lproj/LaunchScreen.storyboard; sourceTree = "<group>"; };
		7B157C0F2112E28F002E7D1A /* Info.plist */ = {isa = PBXFileReference; lastKnownFileType = text.plist.xml; path = Info.plist; sourceTree = "<group>"; };
		7B157C162112E2E3002E7D1A /* MainViewController.swift */ = {isa = PBXFileReference; lastKnownFileType = sourcecode.swift; path = MainViewController.swift; sourceTree = "<group>"; };
		7B157C172112E2E3002E7D1A /* MainViewController.xib */ = {isa = PBXFileReference; lastKnownFileType = file.xib; path = MainViewController.xib; sourceTree = "<group>"; };
		7B157C1C2112E3D5002E7D1A /* NSObjectExtension.swift */ = {isa = PBXFileReference; lastKnownFileType = sourcecode.swift; path = NSObjectExtension.swift; sourceTree = "<group>"; };
		7B157C1E2112E706002E7D1A /* UIViewController.swift */ = {isa = PBXFileReference; lastKnownFileType = sourcecode.swift; path = UIViewController.swift; sourceTree = "<group>"; };
		7B157C252112ECF4002E7D1A /* BaseViewController.swift */ = {isa = PBXFileReference; lastKnownFileType = sourcecode.swift; path = BaseViewController.swift; sourceTree = "<group>"; };
		7B157C2C2113031D002E7D1A /* MenuTableViewCell.swift */ = {isa = PBXFileReference; lastKnownFileType = sourcecode.swift; path = MenuTableViewCell.swift; sourceTree = "<group>"; };
		7B157C2D2113031D002E7D1A /* MenuTableViewCell.xib */ = {isa = PBXFileReference; lastKnownFileType = file.xib; path = MenuTableViewCell.xib; sourceTree = "<group>"; };
		7B157C3621130917002E7D1A /* ViewSampleController.swift */ = {isa = PBXFileReference; lastKnownFileType = sourcecode.swift; path = ViewSampleController.swift; sourceTree = "<group>"; };
		7B157C3721130917002E7D1A /* ViewSampleController.xib */ = {isa = PBXFileReference; lastKnownFileType = file.xib; path = ViewSampleController.xib; sourceTree = "<group>"; };
		7B157C3B211311A1002E7D1A /* StackViewSampleController.swift */ = {isa = PBXFileReference; lastKnownFileType = sourcecode.swift; path = StackViewSampleController.swift; sourceTree = "<group>"; };
		7B157C3C211311A1002E7D1A /* StackViewSampleController.xib */ = {isa = PBXFileReference; lastKnownFileType = file.xib; path = StackViewSampleController.xib; sourceTree = "<group>"; };
		7B157C40211319BD002E7D1A /* LabelSampleViewController.swift */ = {isa = PBXFileReference; lastKnownFileType = sourcecode.swift; path = LabelSampleViewController.swift; sourceTree = "<group>"; };
		7B157C41211319BD002E7D1A /* LabelSampleViewController.xib */ = {isa = PBXFileReference; lastKnownFileType = file.xib; path = LabelSampleViewController.xib; sourceTree = "<group>"; };
		7B157C4521140346002E7D1A /* ButtonSampleViewController.swift */ = {isa = PBXFileReference; lastKnownFileType = sourcecode.swift; path = ButtonSampleViewController.swift; sourceTree = "<group>"; };
		7B157C4621140346002E7D1A /* ButtonSampleViewController.xib */ = {isa = PBXFileReference; lastKnownFileType = file.xib; path = ButtonSampleViewController.xib; sourceTree = "<group>"; };
		7B157C4A211413D4002E7D1A /* SecondViewController.swift */ = {isa = PBXFileReference; lastKnownFileType = sourcecode.swift; path = SecondViewController.swift; sourceTree = "<group>"; };
		7B157C4B211413D4002E7D1A /* SecondViewController.xib */ = {isa = PBXFileReference; lastKnownFileType = file.xib; path = SecondViewController.xib; sourceTree = "<group>"; };
		7B157C512114146D002E7D1A /* ResultViewController.swift */ = {isa = PBXFileReference; lastKnownFileType = sourcecode.swift; path = ResultViewController.swift; sourceTree = "<group>"; };
		7B157C522114146D002E7D1A /* ResultViewController.xib */ = {isa = PBXFileReference; lastKnownFileType = file.xib; path = ResultViewController.xib; sourceTree = "<group>"; };
/* End PBXFileReference section */

/* Begin PBXFrameworksBuildPhase section */
		7B157BFD2112E28E002E7D1A /* Frameworks */ = {
			isa = PBXFrameworksBuildPhase;
			buildActionMask = 2147483647;
			files = (
			);
			runOnlyForDeploymentPostprocessing = 0;
		};
/* End PBXFrameworksBuildPhase section */

/* Begin PBXGroup section */
		2A35DA1121C78BE200B61EB4 /* TextField */ = {
			isa = PBXGroup;
			children = (
				2A35DA1621C795AA00B61EB4 /* WelcomeTextField */,
				2A35DA1221C78C1300B61EB4 /* TextFieldSampleViewController.swift */,
				2A35DA1321C78C1300B61EB4 /* TextFieldSampleViewController.xib */,
			);
			path = TextField;
			sourceTree = "<group>";
		};
		2A35DA1621C795AA00B61EB4 /* WelcomeTextField */ = {
			isa = PBXGroup;
			children = (
				2A35DA1721C795CE00B61EB4 /* WelcomeTextFieldViewController.swift */,
				2A35DA1821C795CE00B61EB4 /* WelcomeTextFieldViewController.xib */,
			);
			path = WelcomeTextField;
			sourceTree = "<group>";
		};
		7B157BF72112E28E002E7D1A = {
			isa = PBXGroup;
			children = (
				7B157C022112E28E002E7D1A /* SampleCodes */,
				7B157C012112E28E002E7D1A /* Products */,
			);
			sourceTree = "<group>";
		};
		7B157C012112E28E002E7D1A /* Products */ = {
			isa = PBXGroup;
			children = (
				7B157C002112E28E002E7D1A /* SampleCodes.app */,
			);
			name = Products;
			sourceTree = "<group>";
		};
		7B157C022112E28E002E7D1A /* SampleCodes */ = {
			isa = PBXGroup;
			children = (
				7B157C202112E98C002E7D1A /* Common */,
				7B157C1B2112E3AC002E7D1A /* Extension */,
				7B157C152112E2C4002E7D1A /* Modules */,
				7B157C032112E28E002E7D1A /* AppDelegate.swift */,
				7B157C052112E28E002E7D1A /* ViewController.swift */,
				7B157C072112E28E002E7D1A /* Main.storyboard */,
				7B157C0A2112E28F002E7D1A /* Assets.xcassets */,
				7B157C0C2112E28F002E7D1A /* LaunchScreen.storyboard */,
				7B157C0F2112E28F002E7D1A /* Info.plist */,
			);
			path = SampleCodes;
			sourceTree = "<group>";
		};
		7B157C152112E2C4002E7D1A /* Modules */ = {
			isa = PBXGroup;
			children = (
				2A35DA1121C78BE200B61EB4 /* TextField */,
				7B157C442114032B002E7D1A /* Button */,
				7B157C3F211319A8002E7D1A /* Label */,
				7B157C3A2113117C002E7D1A /* StackView */,
				7B157C302113087D002E7D1A /* AutoLayout */,
				7B157C1A2112E2EB002E7D1A /* Main */,
			);
			path = Modules;
			sourceTree = "<group>";
		};
		7B157C1A2112E2EB002E7D1A /* Main */ = {
			isa = PBXGroup;
			children = (
				7B157C272112F4CD002E7D1A /* Cell */,
				7B157C162112E2E3002E7D1A /* MainViewController.swift */,
				7B157C172112E2E3002E7D1A /* MainViewController.xib */,
			);
			path = Main;
			sourceTree = "<group>";
		};
		7B157C1B2112E3AC002E7D1A /* Extension */ = {
			isa = PBXGroup;
			children = (
				7B157C1C2112E3D5002E7D1A /* NSObjectExtension.swift */,
				7B157C1E2112E706002E7D1A /* UIViewController.swift */,
			);
			path = Extension;
			sourceTree = "<group>";
		};
		7B157C202112E98C002E7D1A /* Common */ = {
			isa = PBXGroup;
			children = (
				7B157C252112ECF4002E7D1A /* BaseViewController.swift */,
			);
			path = Common;
			sourceTree = "<group>";
		};
		7B157C272112F4CD002E7D1A /* Cell */ = {
			isa = PBXGroup;
			children = (
				7B157C2C2113031D002E7D1A /* MenuTableViewCell.swift */,
				7B157C2D2113031D002E7D1A /* MenuTableViewCell.xib */,
			);
			path = Cell;
			sourceTree = "<group>";
		};
		7B157C302113087D002E7D1A /* AutoLayout */ = {
			isa = PBXGroup;
			children = (
				7B157C3621130917002E7D1A /* ViewSampleController.swift */,
				7B157C3721130917002E7D1A /* ViewSampleController.xib */,
			);
			path = AutoLayout;
			sourceTree = "<group>";
		};
		7B157C3A2113117C002E7D1A /* StackView */ = {
			isa = PBXGroup;
			children = (
				7B157C3B211311A1002E7D1A /* StackViewSampleController.swift */,
				7B157C3C211311A1002E7D1A /* StackViewSampleController.xib */,
			);
			path = StackView;
			sourceTree = "<group>";
		};
		7B157C3F211319A8002E7D1A /* Label */ = {
			isa = PBXGroup;
			children = (
				7B157C40211319BD002E7D1A /* LabelSampleViewController.swift */,
				7B157C41211319BD002E7D1A /* LabelSampleViewController.xib */,
			);
			path = Label;
			sourceTree = "<group>";
		};
		7B157C442114032B002E7D1A /* Button */ = {
			isa = PBXGroup;
			children = (
				7B157C4E21141425002E7D1A /* ResultController */,
				7B157C49211413B8002E7D1A /* SecondController */,
				7B157C4521140346002E7D1A /* ButtonSampleViewController.swift */,
				7B157C4621140346002E7D1A /* ButtonSampleViewController.xib */,
			);
			path = Button;
			sourceTree = "<group>";
		};
		7B157C49211413B8002E7D1A /* SecondController */ = {
			isa = PBXGroup;
			children = (
				7B157C4A211413D4002E7D1A /* SecondViewController.swift */,
				7B157C4B211413D4002E7D1A /* SecondViewController.xib */,
			);
			path = SecondController;
			sourceTree = "<group>";
		};
		7B157C4E21141425002E7D1A /* ResultController */ = {
			isa = PBXGroup;
			children = (
				7B157C512114146D002E7D1A /* ResultViewController.swift */,
				7B157C522114146D002E7D1A /* ResultViewController.xib */,
			);
			path = ResultController;
			sourceTree = "<group>";
		};
/* End PBXGroup section */

/* Begin PBXNativeTarget section */
		7B157BFF2112E28E002E7D1A /* SampleCodes */ = {
			isa = PBXNativeTarget;
			buildConfigurationList = 7B157C122112E28F002E7D1A /* Build configuration list for PBXNativeTarget "SampleCodes" */;
			buildPhases = (
				7B157BFC2112E28E002E7D1A /* Sources */,
				7B157BFD2112E28E002E7D1A /* Frameworks */,
				7B157BFE2112E28E002E7D1A /* Resources */,
			);
			buildRules = (
			);
			dependencies = (
			);
			name = SampleCodes;
			productName = SampleCodes;
			productReference = 7B157C002112E28E002E7D1A /* SampleCodes.app */;
			productType = "com.apple.product-type.application";
		};
/* End PBXNativeTarget section */

/* Begin PBXProject section */
		7B157BF82112E28E002E7D1A /* Project object */ = {
			isa = PBXProject;
			attributes = {
				LastSwiftUpdateCheck = 0940;
				LastUpgradeCheck = 0940;
				ORGANIZATIONNAME = "Wathin Sonnukij";
				TargetAttributes = {
					7B157BFF2112E28E002E7D1A = {
						CreatedOnToolsVersion = 9.4.1;
					};
				};
			};
			buildConfigurationList = 7B157BFB2112E28E002E7D1A /* Build configuration list for PBXProject "SampleCodes" */;
			compatibilityVersion = "Xcode 9.3";
			developmentRegion = en;
			hasScannedForEncodings = 0;
			knownRegions = (
				en,
				Base,
			);
			mainGroup = 7B157BF72112E28E002E7D1A;
			productRefGroup = 7B157C012112E28E002E7D1A /* Products */;
			projectDirPath = "";
			projectRoot = "";
			targets = (
				7B157BFF2112E28E002E7D1A /* SampleCodes */,
			);
		};
/* End PBXProject section */

/* Begin PBXResourcesBuildPhase section */
		7B157BFE2112E28E002E7D1A /* Resources */ = {
			isa = PBXResourcesBuildPhase;
			buildActionMask = 2147483647;
			files = (
				2A35DA1521C78C1300B61EB4 /* TextFieldSampleViewController.xib in Resources */,
				7B157C0E2112E28F002E7D1A /* LaunchScreen.storyboard in Resources */,
				2A35DA1A21C795CE00B61EB4 /* WelcomeTextFieldViewController.xib in Resources */,
				7B157C4821140346002E7D1A /* ButtonSampleViewController.xib in Resources */,
				7B157C0B2112E28F002E7D1A /* Assets.xcassets in Resources */,
				7B157C092112E28E002E7D1A /* Main.storyboard in Resources */,
				7B157C542114146D002E7D1A /* ResultViewController.xib in Resources */,
				7B157C4D211413D4002E7D1A /* SecondViewController.xib in Resources */,
				7B157C3E211311A1002E7D1A /* StackViewSampleController.xib in Resources */,
				7B157C2F2113031D002E7D1A /* MenuTableViewCell.xib in Resources */,
				7B157C3921130917002E7D1A /* ViewSampleController.xib in Resources */,
				7B157C192112E2E3002E7D1A /* MainViewController.xib in Resources */,
				7B157C43211319BD002E7D1A /* LabelSampleViewController.xib in Resources */,
			);
			runOnlyForDeploymentPostprocessing = 0;
		};
/* End PBXResourcesBuildPhase section */

/* Begin PBXSourcesBuildPhase section */
		7B157BFC2112E28E002E7D1A /* Sources */ = {
			isa = PBXSourcesBuildPhase;
			buildActionMask = 2147483647;
			files = (
				7B157C532114146D002E7D1A /* ResultViewController.swift in Sources */,
				7B157C4C211413D4002E7D1A /* SecondViewController.swift in Sources */,
				2A35DA1421C78C1300B61EB4 /* TextFieldSampleViewController.swift in Sources */,
				7B157C1D2112E3D5002E7D1A /* NSObjectExtension.swift in Sources */,
				7B157C42211319BD002E7D1A /* LabelSampleViewController.swift in Sources */,
				7B157C182112E2E3002E7D1A /* MainViewController.swift in Sources */,
				7B157C3D211311A1002E7D1A /* StackViewSampleController.swift in Sources */,
				2A35DA1921C795CE00B61EB4 /* WelcomeTextFieldViewController.swift in Sources */,
				7B157C2E2113031D002E7D1A /* MenuTableViewCell.swift in Sources */,
				7B157C4721140346002E7D1A /* ButtonSampleViewController.swift in Sources */,
				7B157C062112E28E002E7D1A /* ViewController.swift in Sources */,
				7B157C042112E28E002E7D1A /* AppDelegate.swift in Sources */,
				7B157C1F2112E706002E7D1A /* UIViewController.swift in Sources */,
				7B157C3821130917002E7D1A /* ViewSampleController.swift in Sources */,
				7B157C262112ECF4002E7D1A /* BaseViewController.swift in Sources */,
			);
			runOnlyForDeploymentPostprocessing = 0;
		};
/* End PBXSourcesBuildPhase section */

/* Begin PBXVariantGroup section */
		7B157C072112E28E002E7D1A /* Main.storyboard */ = {
			isa = PBXVariantGroup;
			children = (
				7B157C082112E28E002E7D1A /* Base */,
			);
			name = Main.storyboard;
			sourceTree = "<group>";
		};
		7B157C0C2112E28F002E7D1A /* LaunchScreen.storyboard */ = {
			isa = PBXVariantGroup;
			children = (
				7B157C0D2112E28F002E7D1A /* Base */,
			);
			name = LaunchScreen.storyboard;
			sourceTree = "<group>";
		};
/* End PBXVariantGroup section */

/* Begin XCBuildConfiguration section */
		7B157C102112E28F002E7D1A /* Debug */ = {
			isa = XCBuildConfiguration;
			buildSettings = {
				ALWAYS_SEARCH_USER_PATHS = NO;
				CLANG_ANALYZER_NONNULL = YES;
				CLANG_ANALYZER_NUMBER_OBJECT_CONVERSION = YES_AGGRESSIVE;
				CLANG_CXX_LANGUAGE_STANDARD = "gnu++14";
				CLANG_CXX_LIBRARY = "libc++";
				CLANG_ENABLE_MODULES = YES;
				CLANG_ENABLE_OBJC_ARC = YES;
				CLANG_ENABLE_OBJC_WEAK = YES;
				CLANG_WARN_BLOCK_CAPTURE_AUTORELEASING = YES;
				CLANG_WARN_BOOL_CONVERSION = YES;
				CLANG_WARN_COMMA = YES;
				CLANG_WARN_CONSTANT_CONVERSION = YES;
				CLANG_WARN_DEPRECATED_OBJC_IMPLEMENTATIONS = YES;
				CLANG_WARN_DIRECT_OBJC_ISA_USAGE = YES_ERROR;
				CLANG_WARN_DOCUMENTATION_COMMENTS = YES;
				CLANG_WARN_EMPTY_BODY = YES;
				CLANG_WARN_ENUM_CONVERSION = YES;
				CLANG_WARN_INFINITE_RECURSION = YES;
				CLANG_WARN_INT_CONVERSION = YES;
				CLANG_WARN_NON_LITERAL_NULL_CONVERSION = YES;
				CLANG_WARN_OBJC_IMPLICIT_RETAIN_SELF = YES;
				CLANG_WARN_OBJC_LITERAL_CONVERSION = YES;
				CLANG_WARN_OBJC_ROOT_CLASS = YES_ERROR;
				CLANG_WARN_RANGE_LOOP_ANALYSIS = YES;
				CLANG_WARN_STRICT_PROTOTYPES = YES;
				CLANG_WARN_SUSPICIOUS_MOVE = YES;
				CLANG_WARN_UNGUARDED_AVAILABILITY = YES_AGGRESSIVE;
				CLANG_WARN_UNREACHABLE_CODE = YES;
				CLANG_WARN__DUPLICATE_METHOD_MATCH = YES;
				CODE_SIGN_IDENTITY = "iPhone Developer";
				COPY_PHASE_STRIP = NO;
				DEBUG_INFORMATION_FORMAT = dwarf;
				ENABLE_STRICT_OBJC_MSGSEND = YES;
				ENABLE_TESTABILITY = YES;
				GCC_C_LANGUAGE_STANDARD = gnu11;
				GCC_DYNAMIC_NO_PIC = NO;
				GCC_NO_COMMON_BLOCKS = YES;
				GCC_OPTIMIZATION_LEVEL = 0;
				GCC_PREPROCESSOR_DEFINITIONS = (
					"DEBUG=1",
					"$(inherited)",
				);
				GCC_WARN_64_TO_32_BIT_CONVERSION = YES;
				GCC_WARN_ABOUT_RETURN_TYPE = YES_ERROR;
				GCC_WARN_UNDECLARED_SELECTOR = YES;
				GCC_WARN_UNINITIALIZED_AUTOS = YES_AGGRESSIVE;
				GCC_WARN_UNUSED_FUNCTION = YES;
				GCC_WARN_UNUSED_VARIABLE = YES;
				IPHONEOS_DEPLOYMENT_TARGET = 11.4;
				MTL_ENABLE_DEBUG_INFO = YES;
				ONLY_ACTIVE_ARCH = YES;
				SDKROOT = iphoneos;
				SWIFT_ACTIVE_COMPILATION_CONDITIONS = DEBUG;
				SWIFT_OPTIMIZATION_LEVEL = "-Onone";
			};
			name = Debug;
		};
		7B157C112112E28F002E7D1A /* Release */ = {
			isa = XCBuildConfiguration;
			buildSettings = {
				ALWAYS_SEARCH_USER_PATHS = NO;
				CLANG_ANALYZER_NONNULL = YES;
				CLANG_ANALYZER_NUMBER_OBJECT_CONVERSION = YES_AGGRESSIVE;
				CLANG_CXX_LANGUAGE_STANDARD = "gnu++14";
				CLANG_CXX_LIBRARY = "libc++";
				CLANG_ENABLE_MODULES = YES;
				CLANG_ENABLE_OBJC_ARC = YES;
				CLANG_ENABLE_OBJC_WEAK = YES;
				CLANG_WARN_BLOCK_CAPTURE_AUTORELEASING = YES;
				CLANG_WARN_BOOL_CONVERSION = YES;
				CLANG_WARN_COMMA = YES;
				CLANG_WARN_CONSTANT_CONVERSION = YES;
				CLANG_WARN_DEPRECATED_OBJC_IMPLEMENTATIONS = YES;
				CLANG_WARN_DIRECT_OBJC_ISA_USAGE = YES_ERROR;
				CLANG_WARN_DOCUMENTATION_COMMENTS = YES;
				CLANG_WARN_EMPTY_BODY = YES;
				CLANG_WARN_ENUM_CONVERSION = YES;
				CLANG_WARN_INFINITE_RECURSION = YES;
				CLANG_WARN_INT_CONVERSION = YES;
				CLANG_WARN_NON_LITERAL_NULL_CONVERSION = YES;
				CLANG_WARN_OBJC_IMPLICIT_RETAIN_SELF = YES;
				CLANG_WARN_OBJC_LITERAL_CONVERSION = YES;
				CLANG_WARN_OBJC_ROOT_CLASS = YES_ERROR;
				CLANG_WARN_RANGE_LOOP_ANALYSIS = YES;
				CLANG_WARN_STRICT_PROTOTYPES = YES;
				CLANG_WARN_SUSPICIOUS_MOVE = YES;
				CLANG_WARN_UNGUARDED_AVAILABILITY = YES_AGGRESSIVE;
				CLANG_WARN_UNREACHABLE_CODE = YES;
				CLANG_WARN__DUPLICATE_METHOD_MATCH = YES;
				CODE_SIGN_IDENTITY = "iPhone Developer";
				COPY_PHASE_STRIP = NO;
				DEBUG_INFORMATION_FORMAT = "dwarf-with-dsym";
				ENABLE_NS_ASSERTIONS = NO;
				ENABLE_STRICT_OBJC_MSGSEND = YES;
				GCC_C_LANGUAGE_STANDARD = gnu11;
				GCC_NO_COMMON_BLOCKS = YES;
				GCC_WARN_64_TO_32_BIT_CONVERSION = YES;
				GCC_WARN_ABOUT_RETURN_TYPE = YES_ERROR;
				GCC_WARN_UNDECLARED_SELECTOR = YES;
				GCC_WARN_UNINITIALIZED_AUTOS = YES_AGGRESSIVE;
				GCC_WARN_UNUSED_FUNCTION = YES;
				GCC_WARN_UNUSED_VARIABLE = YES;
				IPHONEOS_DEPLOYMENT_TARGET = 11.4;
				MTL_ENABLE_DEBUG_INFO = NO;
				SDKROOT = iphoneos;
				SWIFT_COMPILATION_MODE = wholemodule;
				SWIFT_OPTIMIZATION_LEVEL = "-O";
				VALIDATE_PRODUCT = YES;
			};
			name = Release;
		};
		7B157C132112E28F002E7D1A /* Debug */ = {
			isa = XCBuildConfiguration;
			buildSettings = {
				ASSETCATALOG_COMPILER_APPICON_NAME = AppIcon;
				CODE_SIGN_STYLE = Automatic;
				INFOPLIST_FILE = SampleCodes/Info.plist;
				LD_RUNPATH_SEARCH_PATHS = (
					"$(inherited)",
					"@executable_path/Frameworks",
				);
				PRODUCT_BUNDLE_IDENTIFIER = com.iamwee.SampleCodes;
				PRODUCT_NAME = "$(TARGET_NAME)";
				SWIFT_VERSION = 4.0;
				TARGETED_DEVICE_FAMILY = "1,2";
			};
			name = Debug;
		};
		7B157C142112E28F002E7D1A /* Release */ = {
			isa = XCBuildConfiguration;
			buildSettings = {
				ASSETCATALOG_COMPILER_APPICON_NAME = AppIcon;
				CODE_SIGN_STYLE = Automatic;
				INFOPLIST_FILE = SampleCodes/Info.plist;
				LD_RUNPATH_SEARCH_PATHS = (
					"$(inherited)",
					"@executable_path/Frameworks",
				);
				PRODUCT_BUNDLE_IDENTIFIER = com.iamwee.SampleCodes;
				PRODUCT_NAME = "$(TARGET_NAME)";
				SWIFT_VERSION = 4.0;
				TARGETED_DEVICE_FAMILY = "1,2";
			};
			name = Release;
		};
/* End XCBuildConfiguration section */

/* Begin XCConfigurationList section */
		7B157BFB2112E28E002E7D1A /* Build configuration list for PBXProject "SampleCodes" */ = {
			isa = XCConfigurationList;
			buildConfigurations = (
				7B157C102112E28F002E7D1A /* Debug */,
				7B157C112112E28F002E7D1A /* Release */,
			);
			defaultConfigurationIsVisible = 0;
			defaultConfigurationName = Release;
		};
		7B157C122112E28F002E7D1A /* Build configuration list for PBXNativeTarget "SampleCodes" */ = {
			isa = XCConfigurationList;
			buildConfigurations = (
				7B157C132112E28F002E7D1A /* Debug */,
				7B157C142112E28F002E7D1A /* Release */,
			);
			defaultConfigurationIsVisible = 0;
			defaultConfigurationName = Release;
		};
/* End XCConfigurationList section */
	};
	rootObject = 7B157BF82112E28E002E7D1A /* Project object */;
}
